PODS:
  - Alamofire (5.0.4)
  - RxBlocking (5.1.0):
    - RxSwift (~> 5)
  - RxCocoa (5.1.0):
    - RxRelay (~> 5)
    - RxSwift (~> 5)
  - RxRelay (5.1.0):
    - RxSwift (~> 5)
  - RxSwift (5.1.0)
  - RxTest (5.1.0):
    - RxSwift (~> 5)

DEPENDENCIES:
  - Alamofire (~> 5.0)
  - RxBlocking (~> 5)
  - RxCocoa (~> 5)
  - RxSwift (~> 5)
  - RxTest (~> 5)

SPEC REPOS:
  https://github.com/cocoapods/specs.git:
    - Alamofire
    - RxBlocking
    - RxCocoa
    - RxRelay
    - RxSwift
    - RxTest

SPEC CHECKSUMS:
  Alamofire: 0fe5fd24b4298dc377a6550da7d5f1b30e286fcb
  RxBlocking: 5ef131267220f92ef68531dd6afeaf407cd6b41a
  RxCocoa: 13d2a4d7546a34b8ececae8c281e4ea1dbb94f2b
  RxRelay: a168bd6caf712d00c676ac344e9295afc93b418e
  RxSwift: ad5874f24bb0dbffd1e9bb8443604e3578796c7a
  RxTest: d5e1c9c1880de2751041fa485d476ce006967b31

PODFILE CHECKSUM: be910b5df14d9a33d6667ab483a8bdb3fba09ae7

COCOAPODS: 1.7.0
